// !$*UTF8*$!
{
	archiveVersion = 1;
	classes = {
	};
	objectVersion = 46;
	objects = {

/* Begin PBXBuildFile section */
		3B6FCFDB2829B3F7009C1285 /* README.md in Resources */ = {isa = PBXBuildFile; fileRef = 3B6FCFDA2829B3F7009C1285 /* README.md */; };
		674643E9A1E134CC4BEFE8FA /* AppDelegate.swift in Sources */ = {isa = PBXBuildFile; fileRef = 6746476CB5062EBFF4974781 /* AppDelegate.swift */; };
		6746473E4E83743D387434E4 /* LaunchScreen.storyboard in Resources */ = {isa = PBXBuildFile; fileRef = 6746466271151BAC289E721F /* LaunchScreen.storyboard */; };
		67464B5B64A37749735C5922 /* Main.storyboard in Resources */ = {isa = PBXBuildFile; fileRef = 67464DEB5426B5870EF7174D /* Main.storyboard */; };
		67464B92CD100B4E99F90AA3 /* ViewController.swift in Sources */ = {isa = PBXBuildFile; fileRef = 674648866CC6DD2787C94699 /* ViewController.swift */; };
		67464C605FD65F48EF60DFD4 /* Assets.xcassets in Resources */ = {isa = PBXBuildFile; fileRef = 67464FD4D5605DC03A29CA28 /* Assets.xcassets */; };
		67464FED54B340E4E5CAB3E5 /* SceneDelegate.swift in Sources */ = {isa = PBXBuildFile; fileRef = 6746464BE2091E68A10F354C /* SceneDelegate.swift */; };
/* End PBXBuildFile section */

/* Begin PBXFileReference section */
		3B6FCFDA2829B3F7009C1285 /* README.md */ = {isa = PBXFileReference; lastKnownFileType = net.daringfireball.markdown; path = README.md; sourceTree = "<group>"; };
		6746407ACEEF76011B09EB1F /* Base */ = {isa = PBXFileReference; lastKnownFileType = file.storyboard; name = Base; path = Base.lproj/Main.storyboard; sourceTree = "<group>"; };
		6746464BE2091E68A10F354C /* SceneDelegate.swift */ = {isa = PBXFileReference; lastKnownFileType = sourcecode.swift; path = SceneDelegate.swift; sourceTree = "<group>"; };
		6746476CB5062EBFF4974781 /* AppDelegate.swift */ = {isa = PBXFileReference; lastKnownFileType = sourcecode.swift; path = AppDelegate.swift; sourceTree = "<group>"; };
		674647AADCB811BEF69D5B73 /* Info.plist */ = {isa = PBXFileReference; lastKnownFileType = text.plist.info; path = Info.plist; sourceTree = "<group>"; };
		674648866CC6DD2787C94699 /* ViewController.swift */ = {isa = PBXFileReference; lastKnownFileType = sourcecode.swift; path = ViewController.swift; sourceTree = "<group>"; };
		67464A11FB83BC759E7120BB /* Base */ = {isa = PBXFileReference; lastKnownFileType = file.storyboard; name = Base; path = Base.lproj/LaunchScreen.storyboard; sourceTree = "<group>"; };
		67464BDFEC73F49F044D82EB /* I am Rich.app */ = {isa = PBXFileReference; explicitFileType = wrapper.application; includeInIndex = 0; path = "I am Rich.app"; sourceTree = BUILT_PRODUCTS_DIR; };
		67464FD4D5605DC03A29CA28 /* Assets.xcassets */ = {isa = PBXFileReference; lastKnownFileType = folder.assetcatalog; path = Assets.xcassets; sourceTree = "<group>"; };
/* End PBXFileReference section */

/* Begin PBXFrameworksBuildPhase section */
		674648B432B2EC46A5A8C5D0 /* Frameworks */ = {
			isa = PBXFrameworksBuildPhase;
			buildActionMask = 2147483647;
			files = (
			);
			runOnlyForDeploymentPostprocessing = 0;
		};
/* End PBXFrameworksBuildPhase section */

/* Begin PBXGroup section */
		67464006A60410503C659DBE /* Products */ = {
			isa = PBXGroup;
			children = (
				67464BDFEC73F49F044D82EB /* I am Rich.app */,
			);
			name = Products;
			sourceTree = "<group>";
		};
		6746436FAEA8270CE7A53434 = {
			isa = PBXGroup;
			children = (
				3B6FCFDA2829B3F7009C1285 /* README.md */,
				67464006A60410503C659DBE /* Products */,
				674645DC0A6A357598F7B576 /* I am Rich */,
			);
			sourceTree = "<group>";
		};
		674645DC0A6A357598F7B576 /* I am Rich */ = {
			isa = PBXGroup;
			children = (
				67464FD4D5605DC03A29CA28 /* Assets.xcassets */,
				6746476CB5062EBFF4974781 /* AppDelegate.swift */,
				6746466271151BAC289E721F /* LaunchScreen.storyboard */,
				674647AADCB811BEF69D5B73 /* Info.plist */,
				6746464BE2091E68A10F354C /* SceneDelegate.swift */,
				674648866CC6DD2787C94699 /* ViewController.swift */,
				67464DEB5426B5870EF7174D /* Main.storyboard */,
			);
			path = "I am Rich";
			sourceTree = "<group>";
		};
/* End PBXGroup section */

/* Begin PBXNativeTarget section */
		67464714BA5974FC14F14822 /* I am Rich */ = {
			isa = PBXNativeTarget;
			buildConfigurationList = 67464C97D3DCC4A652129B65 /* Build configuration list for PBXNativeTarget "I am Rich" */;
			buildPhases = (
				6746488661F27EF2563E74FF /* Sources */,
				674648B432B2EC46A5A8C5D0 /* Frameworks */,
				67464D14FA130D688563290E /* Resources */,
			);
			buildRules = (
			);
			dependencies = (
			);
			name = "I am Rich";
			productName = "I am Rich";
			productReference = 67464BDFEC73F49F044D82EB /* I am Rich.app */;
			productType = "com.apple.product-type.application";
		};
/* End PBXNativeTarget section */

/* Begin PBXProject section */
		67464FF064B4CD2876EA2EA2 /* Project object */ = {
			isa = PBXProject;
			attributes = {
				LastUpgradeCheck = 1330;
				TargetAttributes = {
					67464714BA5974FC14F14822 = {
						DevelopmentTeam = NJ59LPLU9F;
					};
				};
			};
			buildConfigurationList = 674649860D6043EBBDFC2601 /* Build configuration list for PBXProject "I am Rich" */;
			compatibilityVersion = "Xcode 3.2";
			developmentRegion = en;
			hasScannedForEncodings = 0;
			knownRegions = (
				en,
				Base,
			);
			mainGroup = 6746436FAEA8270CE7A53434;
			productRefGroup = 67464006A60410503C659DBE /* Products */;
			projectDirPath = "";
			projectRoot = "";
			targets = (
				67464714BA5974FC14F14822 /* I am Rich */,
			);
		};
/* End PBXProject section */

/* Begin PBXResourcesBuildPhase section */
		67464D14FA130D688563290E /* Resources */ = {
			isa = PBXResourcesBuildPhase;
			buildActionMask = 2147483647;
			files = (
				67464C605FD65F48EF60DFD4 /* Assets.xcassets in Resources */,
				6746473E4E83743D387434E4 /* LaunchScreen.storyboard in Resources */,
				3B6FCFDB2829B3F7009C1285 /* README.md in Resources */,
				67464B5B64A37749735C5922 /* Main.storyboard in Resources */,
			);
			runOnlyForDeploymentPostprocessing = 0;
		};
/* End PBXResourcesBuildPhase section */

/* Begin PBXSourcesBuildPhase section */
		6746488661F27EF2563E74FF /* Sources */ = {
			isa = PBXSourcesBuildPhase;
			buildActionMask = 2147483647;
			files = (
				674643E9A1E134CC4BEFE8FA /* AppDelegate.swift in Sources */,
				67464FED54B340E4E5CAB3E5 /* SceneDelegate.swift in Sources */,
				67464B92CD100B4E99F90AA3 /* ViewController.swift in Sources */,
			);
			runOnlyForDeploymentPostprocessing = 0;
		};
/* End PBXSourcesBuildPhase section */

/* Begin PBXVariantGroup section */
		6746466271151BAC289E721F /* LaunchScreen.storyboard */ = {
			isa = PBXVariantGroup;
			children = (
				67464A11FB83BC759E7120BB /* Base */,
			);
			name = LaunchScreen.storyboard;
			sourceTree = "<group>";
		};
		67464DEB5426B5870EF7174D /* Main.storyboard */ = {
			isa = PBXVariantGroup;
			children = (
				6746407ACEEF76011B09EB1F /* Base */,
			);
			name = Main.storyboard;
			sourceTree = "<group>";
		};
/* End PBXVariantGroup section */

/* Begin XCBuildConfiguration section */
		67464401BE13F200F6EED1EA /* Release */ = {
			isa = XCBuildConfiguration;
			buildSettings = {
				ALWAYS_SEARCH_USER_PATHS = NO;
				CLANG_ANALYZER_LOCALIZABILITY_NONLOCALIZED = YES;
				CLANG_ANALYZER_NONNULL = YES;
				CLANG_ANALYZER_NUMBER_OBJECT_CONVERSION = YES_AGGRESSIVE;
				CLANG_CXX_LANGUAGE_STANDARD = "gnu++17";
				CLANG_ENABLE_MODULES = YES;
				CLANG_ENABLE_OBJC_ARC = YES;
				CLANG_ENABLE_OBJC_WEAK = YES;
				CLANG_WARN_BLOCK_CAPTURE_AUTORELEASING = YES;
				CLANG_WARN_BOOL_CONVERSION = YES;
				CLANG_WARN_COMMA = YES;
				CLANG_WARN_CONSTANT_CONVERSION = YES;
				CLANG_WARN_DEPRECATED_OBJC_IMPLEMENTATIONS = YES;
				CLANG_WARN_DIRECT_OBJC_ISA_USAGE = YES_ERROR;
				CLANG_WARN_DOCUMENTATION_COMMENTS = YES;
				CLANG_WARN_EMPTY_BODY = YES;
				CLANG_WARN_ENUM_CONVERSION = YES;
				CLANG_WARN_INFINITE_RECURSION = YES;
				CLANG_WARN_INT_CONVERSION = YES;
				CLANG_WARN_NON_LITERAL_NULL_CONVERSION = YES;
				CLANG_WARN_OBJC_IMPLICIT_RETAIN_SELF = YES;
				CLANG_WARN_OBJC_LITERAL_CONVERSION = YES;
				CLANG_WARN_OBJC_ROOT_CLASS = YES_ERROR;
				CLANG_WARN_QUOTED_INCLUDE_IN_FRAMEWORK_HEADER = YES;
				CLANG_WARN_RANGE_LOOP_ANALYSIS = YES;
				CLANG_WARN_STRICT_PROTOTYPES = YES;
				CLANG_WARN_SUSPICIOUS_MOVE = YES;
				CLANG_WARN_UNGUARDED_AVAILABILITY = YES_AGGRESSIVE;
				CLANG_WARN_UNREACHABLE_CODE = YES;
				CLANG_WARN__DUPLICATE_METHOD_MATCH = YES;
				COPY_PHASE_STRIP = NO;
				DEBUG_INFORMATION_FORMAT = "dwarf-with-dsym";
				ENABLE_NS_ASSERTIONS = NO;
				ENABLE_STRICT_OBJC_MSGSEND = YES;
				GCC_C_LANGUAGE_STANDARD = gnu11;
				GCC_NO_COMMON_BLOCKS = YES;
				GCC_WARN_64_TO_32_BIT_CONVERSION = YES;
				GCC_WARN_ABOUT_RETURN_TYPE = YES_ERROR;
				GCC_WARN_UNDECLARED_SELECTOR = YES;
				GCC_WARN_UNINITIALIZED_AUTOS = YES_AGGRESSIVE;
				GCC_WARN_UNUSED_FUNCTION = YES;
				GCC_WARN_UNUSED_VARIABLE = YES;
				IPHONEOS_DEPLOYMENT_TARGET = 15.4;
				MTL_ENABLE_DEBUG_INFO = NO;
				MTL_FAST_MATH = YES;
				SDKROOT = iphoneos;
				SWIFT_OPTIMIZATION_LEVEL = "-Owholemodule";
				VALIDATE_PRODUCT = YES;
			};
			name = Release;
		};
		67464573D93F7BD8D837E9A8 /* Debug */ = {
			isa = XCBuildConfiguration;
			buildSettings = {
				ASSETCATALOG_COMPILER_APPICON_NAME = AppIcon;
				ASSETCATALOG_COMPILER_GLOBAL_ACCENT_COLOR_NAME = AccentColor;
				CURRENT_PROJECT_VERSION = 1;
				DEVELOPMENT_TEAM = NJ59LPLU9F;
				GENERATE_INFOPLIST_FILE = YES;
				INFOPLIST_FILE = "I am Rich/Info.plist";
				INFOPLIST_KEY_UIApplicationSupportsIndirectInputEvents = YES;
				INFOPLIST_KEY_UILaunchStoryboardName = LaunchScreen;
				INFOPLIST_KEY_UIMainStoryboardFile = Main;
				INFOPLIST_KEY_UISupportedInterfaceOrientations_iPad = "UIInterfaceOrientationPortrait UIInterfaceOrientationPortraitUpsideDown UIInterfaceOrientationLandscapeLeft UIInterfaceOrientationLandscapeRight";
				INFOPLIST_KEY_UISupportedInterfaceOrientations_iPhone = "UIInterfaceOrientationPortrait UIInterfaceOrientationLandscapeLeft UIInterfaceOrientationLandscapeRight";
				LD_RUNPATH_SEARCH_PATHS = "$(inherited) @executable_path/Frameworks";
				MARKETING_VERSION = 1.0;
				PRODUCT_BUNDLE_IDENTIFIER = "com.raywu.I-am-Rich";
				PRODUCT_NAME = "$(TARGET_NAME)";
				SWIFT_EMIT_LOC_STRINGS = YES;
				SWIFT_VERSION = 5.0;
				TARGETED_DEVICE_FAMILY = "1,2";
			};
			name = Debug;
		};
		67464698A5AF215F62BB6809 /* Debug */ = {
			isa = XCBuildConfiguration;
			buildSettings = {
				ALWAYS_SEARCH_USER_PATHS = NO;
				CLANG_ANALYZER_LOCALIZABILITY_NONLOCALIZED = YES;
				CLANG_ANALYZER_NONNULL = YES;
				CLANG_ANALYZER_NUMBER_OBJECT_CONVERSION = YES_AGGRESSIVE;
				CLANG_CXX_LANGUAGE_STANDARD = "gnu++17";
				CLANG_ENABLE_MODULES = YES;
				CLANG_ENABLE_OBJC_ARC = YES;
				CLANG_ENABLE_OBJC_WEAK = YES;
				CLANG_WARN_BLOCK_CAPTURE_AUTORELEASING = YES;
				CLANG_WARN_BOOL_CONVERSION = YES;
				CLANG_WARN_COMMA = YES;
				CLANG_WARN_CONSTANT_CONVERSION = YES;
				CLANG_WARN_DEPRECATED_OBJC_IMPLEMENTATIONS = YES;
				CLANG_WARN_DIRECT_OBJC_ISA_USAGE = YES_ERROR;
				CLANG_WARN_DOCUMENTATION_COMMENTS = YES;
				CLANG_WARN_EMPTY_BODY = YES;
				CLANG_WARN_ENUM_CONVERSION = YES;
				CLANG_WARN_INFINITE_RECURSION = YES;
				CLANG_WARN_INT_CONVERSION = YES;
				CLANG_WARN_NON_LITERAL_NULL_CONVERSION = YES;
				CLANG_WARN_OBJC_IMPLICIT_RETAIN_SELF = YES;
				CLANG_WARN_OBJC_LITERAL_CONVERSION = YES;
				CLANG_WARN_OBJC_ROOT_CLASS = YES_ERROR;
				CLANG_WARN_QUOTED_INCLUDE_IN_FRAMEWORK_HEADER = YES;
				CLANG_WARN_RANGE_LOOP_ANALYSIS = YES;
				CLANG_WARN_STRICT_PROTOTYPES = YES;
				CLANG_WARN_SUSPICIOUS_MOVE = YES;
				CLANG_WARN_UNGUARDED_AVAILABILITY = YES_AGGRESSIVE;
				CLANG_WARN_UNREACHABLE_CODE = YES;
				CLANG_WARN__DUPLICATE_METHOD_MATCH = YES;
				COPY_PHASE_STRIP = NO;
				DEBUG_INFORMATION_FORMAT = dwarf;
				ENABLE_STRICT_OBJC_MSGSEND = YES;
				ENABLE_TESTABILITY = YES;
				GCC_C_LANGUAGE_STANDARD = gnu11;
				GCC_DYNAMIC_NO_PIC = NO;
				GCC_NO_COMMON_BLOCKS = YES;
				GCC_OPTIMIZATION_LEVEL = 0;
				GCC_PREPROCESSOR_DEFINITIONS = (
					"DEBUG=1",
					"$(inherited)",
				);
				GCC_WARN_64_TO_32_BIT_CONVERSION = YES;
				GCC_WARN_ABOUT_RETURN_TYPE = YES_ERROR;
				GCC_WARN_UNDECLARED_SELECTOR = YES;
				GCC_WARN_UNINITIALIZED_AUTOS = YES_AGGRESSIVE;
				GCC_WARN_UNUSED_FUNCTION = YES;
				GCC_WARN_UNUSED_VARIABLE = YES;
				IPHONEOS_DEPLOYMENT_TARGET = 15.4;
				MTL_ENABLE_DEBUG_INFO = INCLUDE_SOURCE;
				MTL_FAST_MATH = YES;
				ONLY_ACTIVE_ARCH = YES;
				SDKROOT = iphoneos;
				SWIFT_ACTIVE_COMPILATION_CONDITIONS = DEBUG;
				SWIFT_OPTIMIZATION_LEVEL = "-Onone";
			};
			name = Debug;
		};
		674646D35C6AA5B0A498BDF8 /* Release */ = {
			isa = XCBuildConfiguration;
			buildSettings = {
				ASSETCATALOG_COMPILER_APPICON_NAME = AppIcon;
				ASSETCATALOG_COMPILER_GLOBAL_ACCENT_COLOR_NAME = AccentColor;
				CURRENT_PROJECT_VERSION = 1;
				DEVELOPMENT_TEAM = NJ59LPLU9F;
				GENERATE_INFOPLIST_FILE = YES;
				INFOPLIST_FILE = "I am Rich/Info.plist";
				INFOPLIST_KEY_UIApplicationSupportsIndirectInputEvents = YES;
				INFOPLIST_KEY_UILaunchStoryboardName = LaunchScreen;
				INFOPLIST_KEY_UIMainStoryboardFile = Main;
				INFOPLIST_KEY_UISupportedInterfaceOrientations_iPad = "UIInterfaceOrientationPortrait UIInterfaceOrientationPortraitUpsideDown UIInterfaceOrientationLandscapeLeft UIInterfaceOrientationLandscapeRight";
				INFOPLIST_KEY_UISupportedInterfaceOrientations_iPhone = "UIInterfaceOrientationPortrait UIInterfaceOrientationLandscapeLeft UIInterfaceOrientationLandscapeRight";
				LD_RUNPATH_SEARCH_PATHS = "$(inherited) @executable_path/Frameworks";
				MARKETING_VERSION = 1.0;
				PRODUCT_BUNDLE_IDENTIFIER = "com.raywu.I-am-Rich";
				PRODUCT_NAME = "$(TARGET_NAME)";
				SWIFT_EMIT_LOC_STRINGS = YES;
				SWIFT_VERSION = 5.0;
				TARGETED_DEVICE_FAMILY = "1,2";
			};
			name = Release;
		};
/* End XCBuildConfiguration section */

/* Begin XCConfigurationList section */
		674649860D6043EBBDFC2601 /* Build configuration list for PBXProject "I am Rich" */ = {
			isa = XCConfigurationList;
			buildConfigurations = (
				67464698A5AF215F62BB6809 /* Debug */,
				67464401BE13F200F6EED1EA /* Release */,
			);
			defaultConfigurationIsVisible = 0;
			defaultConfigurationName = Release;
		};
		67464C97D3DCC4A652129B65 /* Build configuration list for PBXNativeTarget "I am Rich" */ = {
			isa = XCConfigurationList;
			buildConfigurations = (
				67464573D93F7BD8D837E9A8 /* Debug */,
				674646D35C6AA5B0A498BDF8 /* Release */,
			);
			defaultConfigurationIsVisible = 0;
			defaultConfigurationName = Release;
		};
/* End XCConfigurationList section */
	};
	rootObject = 67464FF064B4CD2876EA2EA2 /* Project object */;
}
